
Microsoft Visual Studio Solution File, Format Version 12.00
# Visual Studio Version 17
VisualStudioVersion = 17.4.33205.214
MinimumVisualStudioVersion = 10.0.40219.1
Project("{888888A0-9F3D-457C-B088-3A5042F75D52}") = "09012023", "09012023\09012023.pyproj", "{5B6543E9-1AB4-426E-93A9-82BAC4BE6D64}"
EndProject
Global
	GlobalSection(SolutionConfigurationPlatforms) = preSolution
		Debug|Any CPU = Debug|Any CPU
		Release|Any CPU = Release|Any CPU
	EndGlobalSection
	GlobalSection(ProjectConfigurationPlatforms) = postSolution
		{5B6543E9-1AB4-426E-93A9-82BAC4BE6D64}.Debug|Any CPU.ActiveCfg = Debug|Any CPU
		{5B6543E9-1AB4-426E-93A9-82BAC4BE6D64}.Release|Any CPU.ActiveCfg = Release|Any CPU
	EndGlobalSection
	GlobalSection(SolutionProperties) = preSolution
		HideSolutionNode = FALSE
	EndGlobalSection
	GlobalSection(ExtensibilityGlobals) = postSolution
		SolutionGuid = {BF194D9A-41DE-42A2-A623-141E7F37CEF8}
	EndGlobalSection
EndGlobal
